
Microsoft Visual Studio Solution File, Format Version 12.00
# Visual Studio Version 17
VisualStudioVersion = 17.5.33530.505
MinimumVisualStudioVersion = 10.0.40219.1
Project("{2150E333-8FDC-42A3-9474-1A3956D46DE8}") = "03. Core", "03. Core", "{81F0B6FD-93CF-475F-BAA7-A77FD8802428}"
EndProject
Project("{2150E333-8FDC-42A3-9474-1A3956D46DE8}") = "01. FrontEnd", "01. FrontEnd", "{B645E4E8-5385-435D-9346-A9768952A3C7}"
EndProject
Project("{2150E333-8FDC-42A3-9474-1A3956D46DE8}") = "02. Domain", "02. Domain", "{0E3000E4-6B36-46D8-8350-2F62D2C964E6}"
EndProject
Project("{2150E333-8FDC-42A3-9474-1A3956D46DE8}") = "04. Infraestructure", "04. Infraestructure", "{F010FD75-3100-4E8D-A3B3-47627556E1D4}"
EndProject
Project("{2150E333-8FDC-42A3-9474-1A3956D46DE8}") = "02. BackEnd", "02. BackEnd", "{2208B1CB-3A94-4981-AA64-C4CFF3C67178}"
EndProject
Project("{2150E333-8FDC-42A3-9474-1A3956D46DE8}") = "01. Application", "01. Application", "{A1A99B08-B102-46D9-BDA9-6B09BEFD08C5}"
EndProject
Project("{9A19103F-16F7-4668-BE54-9A1E7A4F7556}") = "BESTINVER.GestorAltas.Domain", "BESTINVER.GestorAltas.Domain\BESTINVER.GestorAltas.Domain.csproj", "{CA5164FB-C898-4BE9-A6EA-FBD80261985D}"
EndProject
Project("{2150E333-8FDC-42A3-9474-1A3956D46DE8}") = "00. SolutionItems", "00. SolutionItems", "{F0D54126-9F95-4BAC-9C50-068AA7985776}"
	ProjectSection(SolutionItems) = preProject
		.eslintignore = .eslintignore
		.gitignore = .gitignore
		Directory.Build.props = Directory.Build.props
		Directory.Packages.props = Directory.Packages.props
		NuGet.Config = NuGet.Config
		only-build.yaml = only-build.yaml
	EndProjectSection
EndProject
Project("{2150E333-8FDC-42A3-9474-1A3956D46DE8}") = "04. Wordpress", "04. Wordpress", "{3937E746-0204-4881-B761-9E71FE53B2AF}"
EndProject
Project("{9A19103F-16F7-4668-BE54-9A1E7A4F7556}") = "BESTINVER.GestorAltas.Web.Management", "BESTINVER.GestorAltas.Web.Management\BESTINVER.GestorAltas.Web.Management.csproj", "{C6125628-101E-4DBE-A2F8-290A9AF8F13C}"
EndProject
Project("{2150E333-8FDC-42A3-9474-1A3956D46DE8}") = "05. Tests", "05. Tests", "{C6ADA355-AD46-4E2A-928E-E70ABF0172E0}"
EndProject
Project("{9A19103F-16F7-4668-BE54-9A1E7A4F7556}") = "BESTINVER.Wordpress.WS", "BESTINVER.Wordpress.WS\BESTINVER.Wordpress.WS.csproj", "{0B285E7E-55EE-499E-84E4-B80F3DAF1889}"
EndProject
Project("{9A19103F-16F7-4668-BE54-9A1E7A4F7556}") = "BESTINVER.GestorAltas.Utilities", "BESTINVER.GestorAltas.Utilities\BESTINVER.GestorAltas.Utilities.csproj", "{092CE845-A430-447F-9084-D66EFBD5230E}"
EndProject
Project("{9A19103F-16F7-4668-BE54-9A1E7A4F7556}") = "BESTINVER.GestorAltas.Exceptions", "BESTINVER.GestorAltas.Exceptions\BESTINVER.GestorAltas.Exceptions.csproj", "{98A39A70-E213-4DCF-9791-804908AF75DF}"
EndProject
Project("{9A19103F-16F7-4668-BE54-9A1E7A4F7556}") = "BESTINVER.GestorAltas.Resource", "BESTINVER.GestorAltas.Resource\BESTINVER.GestorAltas.Resource.csproj", "{AED743F8-A362-4D84-9BB1-6AE74E9121F5}"
EndProject
Project("{2150E333-8FDC-42A3-9474-1A3956D46DE8}") = "05. Services", "05. Services", "{D9B6EBAB-49A0-46B7-AD4F-C503AFC0A298}"
EndProject
Project("{9A19103F-16F7-4668-BE54-9A1E7A4F7556}") = "BESTINVER.GestorAltas.MicroservicesProxy", "BESTINVER.GestorAltas.MicroservicesProxy\BESTINVER.GestorAltas.MicroservicesProxy.csproj", "{E8565C6D-DAB2-44D5-B7B0-E379CBEBCEA3}"
EndProject
Project("{9A19103F-16F7-4668-BE54-9A1E7A4F7556}") = "BESTINVER.GestorAltas.Domain.Interfaces", "BESTINVER.GestorAltas.Domain.Interfaces\BESTINVER.GestorAltas.Domain.Interfaces.csproj", "{014052E1-5131-484C-B845-ED4884F1D99C}"
EndProject
Project("{9A19103F-16F7-4668-BE54-9A1E7A4F7556}") = "BESTINVER.GestorAltas.Web.Public", "BESTINVER.GestorAltas.Web.Public\BESTINVER.GestorAltas.Web.Public.csproj", "{E8B23EDB-12BA-4410-B4BF-861F29D9C2E7}"
EndProject
Project("{2150E333-8FDC-42A3-9474-1A3956D46DE8}") = "06. Models", "06. Models", "{426266E9-3F05-4026-9756-70E828CAB4DB}"
EndProject
Project("{9A19103F-16F7-4668-BE54-9A1E7A4F7556}") = "BESTINVER.GestorAltas.Web.Models", "BESTINVER.GestorAltas.Web.Models\BESTINVER.GestorAltas.Web.Models.csproj", "{7FB7E014-FF41-4CFA-BDB6-13B0AD771239}"
EndProject
Project("{9A19103F-16F7-4668-BE54-9A1E7A4F7556}") = "BESTINVER.GestorAltas.Web.Common", "BESTINVER.GestorAltas.Web.Common\BESTINVER.GestorAltas.Web.Common\BESTINVER.GestorAltas.Web.Common.csproj", "{91A1264F-FD8D-48BE-B20E-79379F2A24CD}"
EndProject
Project("{9A19103F-16F7-4668-BE54-9A1E7A4F7556}") = "Bestinver.Auth.Ldap", "Bestinver.Auth.Ldap\Bestinver.Auth.Ldap.csproj", "{405763B8-9D05-4E2C-BB4C-A019D7EC1D1E}"
EndProject
Project("{E53339B2-1760-4266-BCC7-CA923CBCF16C}") = "docker-compose", "docker-compose.dcproj", "{9CE5CE25-E938-4341-8729-0F881383D480}"
EndProject
Project("{2150E333-8FDC-42A3-9474-1A3956D46DE8}") = "Pipelines", "Pipelines", "{5B04355D-494A-48A7-98F5-C1ADE07198B0}"
	ProjectSection(SolutionItems) = preProject
		Pipelines\cd_uat.yml = Pipelines\cd_uat.yml
		Pipelines\ci_base.yml = Pipelines\ci_base.yml
		Pipelines\ci_generic.yml = Pipelines\ci_generic.yml
		Pipelines\ci_test_uat.yml = Pipelines\ci_test_uat.yml
		Pipelines\ci_uat.yml = Pipelines\ci_uat.yml
	EndProjectSection
EndProject
Project("{2150E333-8FDC-42A3-9474-1A3956D46DE8}") = "variables", "variables", "{43643267-E337-441C-9597-AEBA2CFABEDB}"
	ProjectSection(SolutionItems) = preProject
		Pipelines\variables\uat.yml = Pipelines\variables\uat.yml
	EndProjectSection
EndProject
Project("{2150E333-8FDC-42A3-9474-1A3956D46DE8}") = "01.UnitTests", "01.UnitTests", "{526533E1-1CFA-4BCC-B1B3-AFB99EA2BEEB}"
EndProject
Project("{2150E333-8FDC-42A3-9474-1A3956D46DE8}") = "02.FunctionalTests", "02.FunctionalTests", "{7B9256EE-CFC0-4FDF-917A-2767B74A5B64}"
EndProject
Project("{9A19103F-16F7-4668-BE54-9A1E7A4F7556}") = "BESTINVER.GestorAltas.Web.Management.UnitTests", "BESTINVER.GestorAltas.Web.Management.UnitTests\BESTINVER.GestorAltas.Web.Management.UnitTests.csproj", "{8EF3298D-9D48-4E95-923B-90339891247B}"
EndProject
Project("{9A19103F-16F7-4668-BE54-9A1E7A4F7556}") = "BESTINVER.GestorAltas.Web.Public.UnitTests", "BESTINVER.GestorAltas.Web.Public.UnitTests\BESTINVER.GestorAltas.Web.Public.UnitTests.csproj", "{F2E6AEA9-6D3B-4C6B-9004-C8DA3459A5DA}"
EndProject
Project("{9A19103F-16F7-4668-BE54-9A1E7A4F7556}") = "BESTINVER.GestorAltas.Web.Remediacion.UnitTests", "BESTINVER.GestorAltas.Web.Remediacion.UnitTests\BESTINVER.GestorAltas.Web.Remediacion.UnitTests.csproj", "{CEA7ADD8-FC6A-4AC9-AB94-46D7D474F6BD}"
EndProject
Project("{9A19103F-16F7-4668-BE54-9A1E7A4F7556}") = "BESTINVER.Wordpress.WS.UnitTests", "BESTINVER.Wordpress.WS.UnitTests\BESTINVER.Wordpress.WS.UnitTests.csproj", "{ED1BED75-C06E-4F7A-B54C-DB9950F58169}"
EndProject
Project("{9A19103F-16F7-4668-BE54-9A1E7A4F7556}") = "BESTINVER.GestorAltas.Web.Management.FunctionalTests", "BESTINVER.GestorAltas.Web.Management.FunctionalTests\BESTINVER.GestorAltas.Web.Management.FunctionalTests.csproj", "{52754493-B4A6-49E3-87F4-630FD55190E6}"
EndProject
Project("{9A19103F-16F7-4668-BE54-9A1E7A4F7556}") = "BESTINVER.GestorAltas.Web.Public.FunctionalTests", "BESTINVER.GestorAltas.Web.Public.FunctionalTests\BESTINVER.GestorAltas.Web.Public.FunctionalTests.csproj", "{8DE8B37C-A6B0-40A5-8A87-A6746E11DC47}"
EndProject
Global
	GlobalSection(SolutionConfigurationPlatforms) = preSolution
		Debug|Any CPU = Debug|Any CPU
		Debug-Azure|Any CPU = Debug-Azure|Any CPU
		Debug-KabelDev|Any CPU = Debug-KabelDev|Any CPU
		Debug-Local|Any CPU = Debug-Local|Any CPU
		DEV|Any CPU = DEV|Any CPU
		Development|Any CPU = Development|Any CPU
		KabelDev|Any CPU = KabelDev|Any CPU
		MAIN|Any CPU = MAIN|Any CPU
		MAIN-REME|Any CPU = MAIN-REME|Any CPU
		Release|Any CPU = Release|Any CPU
	EndGlobalSection
	GlobalSection(ProjectConfigurationPlatforms) = postSolution
		{CA5164FB-C898-4BE9-A6EA-FBD80261985D}.Debug|Any CPU.ActiveCfg = Debug|Any CPU
		{CA5164FB-C898-4BE9-A6EA-FBD80261985D}.Debug|Any CPU.Build.0 = Debug|Any CPU
		{CA5164FB-C898-4BE9-A6EA-FBD80261985D}.Debug-Azure|Any CPU.ActiveCfg = Development|Any CPU
		{CA5164FB-C898-4BE9-A6EA-FBD80261985D}.Debug-Azure|Any CPU.Build.0 = Development|Any CPU
		{CA5164FB-C898-4BE9-A6EA-FBD80261985D}.Debug-KabelDev|Any CPU.ActiveCfg = Development|Any CPU
		{CA5164FB-C898-4BE9-A6EA-FBD80261985D}.Debug-KabelDev|Any CPU.Build.0 = Development|Any CPU
		{CA5164FB-C898-4BE9-A6EA-FBD80261985D}.Debug-Local|Any CPU.ActiveCfg = Development|Any CPU
		{CA5164FB-C898-4BE9-A6EA-FBD80261985D}.Debug-Local|Any CPU.Build.0 = Development|Any CPU
		{CA5164FB-C898-4BE9-A6EA-FBD80261985D}.DEV|Any CPU.ActiveCfg = Debug|Any CPU
		{CA5164FB-C898-4BE9-A6EA-FBD80261985D}.DEV|Any CPU.Build.0 = Debug|Any CPU
		{CA5164FB-C898-4BE9-A6EA-FBD80261985D}.Development|Any CPU.ActiveCfg = Debug|Any CPU
		{CA5164FB-C898-4BE9-A6EA-FBD80261985D}.Development|Any CPU.Build.0 = Debug|Any CPU
		{CA5164FB-C898-4BE9-A6EA-FBD80261985D}.KabelDev|Any CPU.ActiveCfg = Development|Any CPU
		{CA5164FB-C898-4BE9-A6EA-FBD80261985D}.KabelDev|Any CPU.Build.0 = Development|Any CPU
		{CA5164FB-C898-4BE9-A6EA-FBD80261985D}.MAIN|Any CPU.ActiveCfg = Release|Any CPU
		{CA5164FB-C898-4BE9-A6EA-FBD80261985D}.MAIN|Any CPU.Build.0 = Release|Any CPU
		{CA5164FB-C898-4BE9-A6EA-FBD80261985D}.MAIN-REME|Any CPU.ActiveCfg = Release|Any CPU
		{CA5164FB-C898-4BE9-A6EA-FBD80261985D}.MAIN-REME|Any CPU.Build.0 = Release|Any CPU
		{CA5164FB-C898-4BE9-A6EA-FBD80261985D}.Release|Any CPU.ActiveCfg = Release|Any CPU
		{CA5164FB-C898-4BE9-A6EA-FBD80261985D}.Release|Any CPU.Build.0 = Release|Any CPU
		{C6125628-101E-4DBE-A2F8-290A9AF8F13C}.Debug|Any CPU.ActiveCfg = Debug|Any CPU
		{C6125628-101E-4DBE-A2F8-290A9AF8F13C}.Debug|Any CPU.Build.0 = Debug|Any CPU
		{C6125628-101E-4DBE-A2F8-290A9AF8F13C}.Debug-Azure|Any CPU.ActiveCfg = Development|Any CPU
		{C6125628-101E-4DBE-A2F8-290A9AF8F13C}.Debug-Azure|Any CPU.Build.0 = Development|Any CPU
		{C6125628-101E-4DBE-A2F8-290A9AF8F13C}.Debug-KabelDev|Any CPU.ActiveCfg = Development|Any CPU
		{C6125628-101E-4DBE-A2F8-290A9AF8F13C}.Debug-KabelDev|Any CPU.Build.0 = Development|Any CPU
		{C6125628-101E-4DBE-A2F8-290A9AF8F13C}.Debug-Local|Any CPU.ActiveCfg = Development|Any CPU
		{C6125628-101E-4DBE-A2F8-290A9AF8F13C}.Debug-Local|Any CPU.Build.0 = Development|Any CPU
		{C6125628-101E-4DBE-A2F8-290A9AF8F13C}.DEV|Any CPU.ActiveCfg = Debug|Any CPU
		{C6125628-101E-4DBE-A2F8-290A9AF8F13C}.DEV|Any CPU.Build.0 = Debug|Any CPU
		{C6125628-101E-4DBE-A2F8-290A9AF8F13C}.Development|Any CPU.ActiveCfg = Debug|Any CPU
		{C6125628-101E-4DBE-A2F8-290A9AF8F13C}.Development|Any CPU.Build.0 = Debug|Any CPU
		{C6125628-101E-4DBE-A2F8-290A9AF8F13C}.KabelDev|Any CPU.ActiveCfg = Development|Any CPU
		{C6125628-101E-4DBE-A2F8-290A9AF8F13C}.KabelDev|Any CPU.Build.0 = Development|Any CPU
		{C6125628-101E-4DBE-A2F8-290A9AF8F13C}.MAIN|Any CPU.ActiveCfg = Release|Any CPU
		{C6125628-101E-4DBE-A2F8-290A9AF8F13C}.MAIN|Any CPU.Build.0 = Release|Any CPU
		{C6125628-101E-4DBE-A2F8-290A9AF8F13C}.MAIN-REME|Any CPU.ActiveCfg = Release|Any CPU
		{C6125628-101E-4DBE-A2F8-290A9AF8F13C}.MAIN-REME|Any CPU.Build.0 = Release|Any CPU
		{C6125628-101E-4DBE-A2F8-290A9AF8F13C}.Release|Any CPU.ActiveCfg = Release|Any CPU
		{C6125628-101E-4DBE-A2F8-290A9AF8F13C}.Release|Any CPU.Build.0 = Release|Any CPU
		{0B285E7E-55EE-499E-84E4-B80F3DAF1889}.Debug|Any CPU.ActiveCfg = Debug|Any CPU
		{0B285E7E-55EE-499E-84E4-B80F3DAF1889}.Debug|Any CPU.Build.0 = Debug|Any CPU
		{0B285E7E-55EE-499E-84E4-B80F3DAF1889}.Debug-Azure|Any CPU.ActiveCfg = Development|Any CPU
		{0B285E7E-55EE-499E-84E4-B80F3DAF1889}.Debug-Azure|Any CPU.Build.0 = Development|Any CPU
		{0B285E7E-55EE-499E-84E4-B80F3DAF1889}.Debug-KabelDev|Any CPU.ActiveCfg = Development|Any CPU
		{0B285E7E-55EE-499E-84E4-B80F3DAF1889}.Debug-KabelDev|Any CPU.Build.0 = Development|Any CPU
		{0B285E7E-55EE-499E-84E4-B80F3DAF1889}.Debug-Local|Any CPU.ActiveCfg = Development|Any CPU
		{0B285E7E-55EE-499E-84E4-B80F3DAF1889}.Debug-Local|Any CPU.Build.0 = Development|Any CPU
		{0B285E7E-55EE-499E-84E4-B80F3DAF1889}.DEV|Any CPU.ActiveCfg = Debug|Any CPU
		{0B285E7E-55EE-499E-84E4-B80F3DAF1889}.DEV|Any CPU.Build.0 = Debug|Any CPU
		{0B285E7E-55EE-499E-84E4-B80F3DAF1889}.Development|Any CPU.ActiveCfg = Development|Any CPU
		{0B285E7E-55EE-499E-84E4-B80F3DAF1889}.Development|Any CPU.Build.0 = Development|Any CPU
		{0B285E7E-55EE-499E-84E4-B80F3DAF1889}.KabelDev|Any CPU.ActiveCfg = Release|Any CPU
		{0B285E7E-55EE-499E-84E4-B80F3DAF1889}.KabelDev|Any CPU.Build.0 = Release|Any CPU
		{0B285E7E-55EE-499E-84E4-B80F3DAF1889}.MAIN|Any CPU.ActiveCfg = Release|Any CPU
		{0B285E7E-55EE-499E-84E4-B80F3DAF1889}.MAIN|Any CPU.Build.0 = Release|Any CPU
		{0B285E7E-55EE-499E-84E4-B80F3DAF1889}.MAIN-REME|Any CPU.ActiveCfg = Release|Any CPU
		{0B285E7E-55EE-499E-84E4-B80F3DAF1889}.MAIN-REME|Any CPU.Build.0 = Release|Any CPU
		{0B285E7E-55EE-499E-84E4-B80F3DAF1889}.Release|Any CPU.ActiveCfg = Release|Any CPU
		{0B285E7E-55EE-499E-84E4-B80F3DAF1889}.Release|Any CPU.Build.0 = Release|Any CPU
		{092CE845-A430-447F-9084-D66EFBD5230E}.Debug|Any CPU.ActiveCfg = Debug|Any CPU
		{092CE845-A430-447F-9084-D66EFBD5230E}.Debug|Any CPU.Build.0 = Debug|Any CPU
		{092CE845-A430-447F-9084-D66EFBD5230E}.Debug-Azure|Any CPU.ActiveCfg = Development|Any CPU
		{092CE845-A430-447F-9084-D66EFBD5230E}.Debug-Azure|Any CPU.Build.0 = Development|Any CPU
		{092CE845-A430-447F-9084-D66EFBD5230E}.Debug-KabelDev|Any CPU.ActiveCfg = Development|Any CPU
		{092CE845-A430-447F-9084-D66EFBD5230E}.Debug-KabelDev|Any CPU.Build.0 = Development|Any CPU
		{092CE845-A430-447F-9084-D66EFBD5230E}.Debug-Local|Any CPU.ActiveCfg = Development|Any CPU
		{092CE845-A430-447F-9084-D66EFBD5230E}.Debug-Local|Any CPU.Build.0 = Development|Any CPU
		{092CE845-A430-447F-9084-D66EFBD5230E}.DEV|Any CPU.ActiveCfg = Debug|Any CPU
		{092CE845-A430-447F-9084-D66EFBD5230E}.DEV|Any CPU.Build.0 = Debug|Any CPU
		{092CE845-A430-447F-9084-D66EFBD5230E}.Development|Any CPU.ActiveCfg = Debug|Any CPU
		{092CE845-A430-447F-9084-D66EFBD5230E}.Development|Any CPU.Build.0 = Debug|Any CPU
		{092CE845-A430-447F-9084-D66EFBD5230E}.KabelDev|Any CPU.ActiveCfg = Development|Any CPU
		{092CE845-A430-447F-9084-D66EFBD5230E}.KabelDev|Any CPU.Build.0 = Development|Any CPU
		{092CE845-A430-447F-9084-D66EFBD5230E}.MAIN|Any CPU.ActiveCfg = Release|Any CPU
		{092CE845-A430-447F-9084-D66EFBD5230E}.MAIN|Any CPU.Build.0 = Release|Any CPU
		{092CE845-A430-447F-9084-D66EFBD5230E}.MAIN-REME|Any CPU.ActiveCfg = Release|Any CPU
		{092CE845-A430-447F-9084-D66EFBD5230E}.MAIN-REME|Any CPU.Build.0 = Release|Any CPU
		{092CE845-A430-447F-9084-D66EFBD5230E}.Release|Any CPU.ActiveCfg = Release|Any CPU
		{092CE845-A430-447F-9084-D66EFBD5230E}.Release|Any CPU.Build.0 = Release|Any CPU
		{98A39A70-E213-4DCF-9791-804908AF75DF}.Debug|Any CPU.ActiveCfg = Debug|Any CPU
		{98A39A70-E213-4DCF-9791-804908AF75DF}.Debug|Any CPU.Build.0 = Debug|Any CPU
		{98A39A70-E213-4DCF-9791-804908AF75DF}.Debug-Azure|Any CPU.ActiveCfg = Development|Any CPU
		{98A39A70-E213-4DCF-9791-804908AF75DF}.Debug-Azure|Any CPU.Build.0 = Development|Any CPU
		{98A39A70-E213-4DCF-9791-804908AF75DF}.Debug-KabelDev|Any CPU.ActiveCfg = Development|Any CPU
		{98A39A70-E213-4DCF-9791-804908AF75DF}.Debug-KabelDev|Any CPU.Build.0 = Development|Any CPU
		{98A39A70-E213-4DCF-9791-804908AF75DF}.Debug-Local|Any CPU.ActiveCfg = Development|Any CPU
		{98A39A70-E213-4DCF-9791-804908AF75DF}.Debug-Local|Any CPU.Build.0 = Development|Any CPU
		{98A39A70-E213-4DCF-9791-804908AF75DF}.DEV|Any CPU.ActiveCfg = Debug|Any CPU
		{98A39A70-E213-4DCF-9791-804908AF75DF}.DEV|Any CPU.Build.0 = Debug|Any CPU
		{98A39A70-E213-4DCF-9791-804908AF75DF}.Development|Any CPU.ActiveCfg = Debug|Any CPU
		{98A39A70-E213-4DCF-9791-804908AF75DF}.Development|Any CPU.Build.0 = Debug|Any CPU
		{98A39A70-E213-4DCF-9791-804908AF75DF}.KabelDev|Any CPU.ActiveCfg = Development|Any CPU
		{98A39A70-E213-4DCF-9791-804908AF75DF}.KabelDev|Any CPU.Build.0 = Development|Any CPU
		{98A39A70-E213-4DCF-9791-804908AF75DF}.MAIN|Any CPU.ActiveCfg = Release|Any CPU
		{98A39A70-E213-4DCF-9791-804908AF75DF}.MAIN|Any CPU.Build.0 = Release|Any CPU
		{98A39A70-E213-4DCF-9791-804908AF75DF}.MAIN-REME|Any CPU.ActiveCfg = Release|Any CPU
		{98A39A70-E213-4DCF-9791-804908AF75DF}.MAIN-REME|Any CPU.Build.0 = Release|Any CPU
		{98A39A70-E213-4DCF-9791-804908AF75DF}.Release|Any CPU.ActiveCfg = Release|Any CPU
		{98A39A70-E213-4DCF-9791-804908AF75DF}.Release|Any CPU.Build.0 = Release|Any CPU
		{AED743F8-A362-4D84-9BB1-6AE74E9121F5}.Debug|Any CPU.ActiveCfg = Debug|Any CPU
		{AED743F8-A362-4D84-9BB1-6AE74E9121F5}.Debug|Any CPU.Build.0 = Debug|Any CPU
		{AED743F8-A362-4D84-9BB1-6AE74E9121F5}.Debug-Azure|Any CPU.ActiveCfg = Development|Any CPU
		{AED743F8-A362-4D84-9BB1-6AE74E9121F5}.Debug-Azure|Any CPU.Build.0 = Development|Any CPU
		{AED743F8-A362-4D84-9BB1-6AE74E9121F5}.Debug-KabelDev|Any CPU.ActiveCfg = Development|Any CPU
		{AED743F8-A362-4D84-9BB1-6AE74E9121F5}.Debug-KabelDev|Any CPU.Build.0 = Development|Any CPU
		{AED743F8-A362-4D84-9BB1-6AE74E9121F5}.Debug-Local|Any CPU.ActiveCfg = Development|Any CPU
		{AED743F8-A362-4D84-9BB1-6AE74E9121F5}.Debug-Local|Any CPU.Build.0 = Development|Any CPU
		{AED743F8-A362-4D84-9BB1-6AE74E9121F5}.DEV|Any CPU.ActiveCfg = Debug|Any CPU
		{AED743F8-A362-4D84-9BB1-6AE74E9121F5}.DEV|Any CPU.Build.0 = Debug|Any CPU
		{AED743F8-A362-4D84-9BB1-6AE74E9121F5}.Development|Any CPU.ActiveCfg = Debug|Any CPU
		{AED743F8-A362-4D84-9BB1-6AE74E9121F5}.Development|Any CPU.Build.0 = Debug|Any CPU
		{AED743F8-A362-4D84-9BB1-6AE74E9121F5}.KabelDev|Any CPU.ActiveCfg = Development|Any CPU
		{AED743F8-A362-4D84-9BB1-6AE74E9121F5}.KabelDev|Any CPU.Build.0 = Development|Any CPU
		{AED743F8-A362-4D84-9BB1-6AE74E9121F5}.MAIN|Any CPU.ActiveCfg = Release|Any CPU
		{AED743F8-A362-4D84-9BB1-6AE74E9121F5}.MAIN|Any CPU.Build.0 = Release|Any CPU
		{AED743F8-A362-4D84-9BB1-6AE74E9121F5}.MAIN-REME|Any CPU.ActiveCfg = Release|Any CPU
		{AED743F8-A362-4D84-9BB1-6AE74E9121F5}.MAIN-REME|Any CPU.Build.0 = Release|Any CPU
		{AED743F8-A362-4D84-9BB1-6AE74E9121F5}.Release|Any CPU.ActiveCfg = Release|Any CPU
		{AED743F8-A362-4D84-9BB1-6AE74E9121F5}.Release|Any CPU.Build.0 = Release|Any CPU
		{E8565C6D-DAB2-44D5-B7B0-E379CBEBCEA3}.Debug|Any CPU.ActiveCfg = Debug|Any CPU
		{E8565C6D-DAB2-44D5-B7B0-E379CBEBCEA3}.Debug|Any CPU.Build.0 = Debug|Any CPU
		{E8565C6D-DAB2-44D5-B7B0-E379CBEBCEA3}.Debug-Azure|Any CPU.ActiveCfg = Development|Any CPU
		{E8565C6D-DAB2-44D5-B7B0-E379CBEBCEA3}.Debug-Azure|Any CPU.Build.0 = Development|Any CPU
		{E8565C6D-DAB2-44D5-B7B0-E379CBEBCEA3}.Debug-KabelDev|Any CPU.ActiveCfg = Development|Any CPU
		{E8565C6D-DAB2-44D5-B7B0-E379CBEBCEA3}.Debug-KabelDev|Any CPU.Build.0 = Development|Any CPU
		{E8565C6D-DAB2-44D5-B7B0-E379CBEBCEA3}.Debug-Local|Any CPU.ActiveCfg = Development|Any CPU
		{E8565C6D-DAB2-44D5-B7B0-E379CBEBCEA3}.Debug-Local|Any CPU.Build.0 = Development|Any CPU
		{E8565C6D-DAB2-44D5-B7B0-E379CBEBCEA3}.DEV|Any CPU.ActiveCfg = Development|Any CPU
		{E8565C6D-DAB2-44D5-B7B0-E379CBEBCEA3}.DEV|Any CPU.Build.0 = Development|Any CPU
		{E8565C6D-DAB2-44D5-B7B0-E379CBEBCEA3}.Development|Any CPU.ActiveCfg = Debug|Any CPU
		{E8565C6D-DAB2-44D5-B7B0-E379CBEBCEA3}.Development|Any CPU.Build.0 = Debug|Any CPU
		{E8565C6D-DAB2-44D5-B7B0-E379CBEBCEA3}.KabelDev|Any CPU.ActiveCfg = Release|Any CPU
		{E8565C6D-DAB2-44D5-B7B0-E379CBEBCEA3}.KabelDev|Any CPU.Build.0 = Release|Any CPU
		{E8565C6D-DAB2-44D5-B7B0-E379CBEBCEA3}.MAIN|Any CPU.ActiveCfg = Debug|Any CPU
		{E8565C6D-DAB2-44D5-B7B0-E379CBEBCEA3}.MAIN|Any CPU.Build.0 = Debug|Any CPU
		{E8565C6D-DAB2-44D5-B7B0-E379CBEBCEA3}.MAIN-REME|Any CPU.ActiveCfg = Debug|Any CPU
		{E8565C6D-DAB2-44D5-B7B0-E379CBEBCEA3}.MAIN-REME|Any CPU.Build.0 = Debug|Any CPU
		{E8565C6D-DAB2-44D5-B7B0-E379CBEBCEA3}.Release|Any CPU.ActiveCfg = Release|Any CPU
		{E8565C6D-DAB2-44D5-B7B0-E379CBEBCEA3}.Release|Any CPU.Build.0 = Release|Any CPU
		{014052E1-5131-484C-B845-ED4884F1D99C}.Debug|Any CPU.ActiveCfg = Debug|Any CPU
		{014052E1-5131-484C-B845-ED4884F1D99C}.Debug|Any CPU.Build.0 = Debug|Any CPU
		{014052E1-5131-484C-B845-ED4884F1D99C}.Debug-Azure|Any CPU.ActiveCfg = Development|Any CPU
		{014052E1-5131-484C-B845-ED4884F1D99C}.Debug-Azure|Any CPU.Build.0 = Development|Any CPU
		{014052E1-5131-484C-B845-ED4884F1D99C}.Debug-KabelDev|Any CPU.ActiveCfg = Development|Any CPU
		{014052E1-5131-484C-B845-ED4884F1D99C}.Debug-KabelDev|Any CPU.Build.0 = Development|Any CPU
		{014052E1-5131-484C-B845-ED4884F1D99C}.Debug-Local|Any CPU.ActiveCfg = Development|Any CPU
		{014052E1-5131-484C-B845-ED4884F1D99C}.Debug-Local|Any CPU.Build.0 = Development|Any CPU
		{014052E1-5131-484C-B845-ED4884F1D99C}.DEV|Any CPU.ActiveCfg = Development|Any CPU
		{014052E1-5131-484C-B845-ED4884F1D99C}.DEV|Any CPU.Build.0 = Development|Any CPU
		{014052E1-5131-484C-B845-ED4884F1D99C}.Development|Any CPU.ActiveCfg = Debug|Any CPU
		{014052E1-5131-484C-B845-ED4884F1D99C}.Development|Any CPU.Build.0 = Debug|Any CPU
		{014052E1-5131-484C-B845-ED4884F1D99C}.KabelDev|Any CPU.ActiveCfg = Release|Any CPU
		{014052E1-5131-484C-B845-ED4884F1D99C}.KabelDev|Any CPU.Build.0 = Release|Any CPU
		{014052E1-5131-484C-B845-ED4884F1D99C}.MAIN|Any CPU.ActiveCfg = Debug|Any CPU
		{014052E1-5131-484C-B845-ED4884F1D99C}.MAIN|Any CPU.Build.0 = Debug|Any CPU
		{014052E1-5131-484C-B845-ED4884F1D99C}.MAIN-REME|Any CPU.ActiveCfg = Debug|Any CPU
		{014052E1-5131-484C-B845-ED4884F1D99C}.MAIN-REME|Any CPU.Build.0 = Debug|Any CPU
		{014052E1-5131-484C-B845-ED4884F1D99C}.Release|Any CPU.ActiveCfg = Release|Any CPU
		{014052E1-5131-484C-B845-ED4884F1D99C}.Release|Any CPU.Build.0 = Release|Any CPU
		{E8B23EDB-12BA-4410-B4BF-861F29D9C2E7}.Debug|Any CPU.ActiveCfg = Debug|Any CPU
		{E8B23EDB-12BA-4410-B4BF-861F29D9C2E7}.Debug|Any CPU.Build.0 = Debug|Any CPU
		{E8B23EDB-12BA-4410-B4BF-861F29D9C2E7}.Debug-Azure|Any CPU.ActiveCfg = Development|Any CPU
		{E8B23EDB-12BA-4410-B4BF-861F29D9C2E7}.Debug-Azure|Any CPU.Build.0 = Development|Any CPU
		{E8B23EDB-12BA-4410-B4BF-861F29D9C2E7}.Debug-KabelDev|Any CPU.ActiveCfg = Development|Any CPU
		{E8B23EDB-12BA-4410-B4BF-861F29D9C2E7}.Debug-KabelDev|Any CPU.Build.0 = Development|Any CPU
		{E8B23EDB-12BA-4410-B4BF-861F29D9C2E7}.Debug-Local|Any CPU.ActiveCfg = Development|Any CPU
		{E8B23EDB-12BA-4410-B4BF-861F29D9C2E7}.Debug-Local|Any CPU.Build.0 = Development|Any CPU
		{E8B23EDB-12BA-4410-B4BF-861F29D9C2E7}.DEV|Any CPU.ActiveCfg = Debug|Any CPU
		{E8B23EDB-12BA-4410-B4BF-861F29D9C2E7}.DEV|Any CPU.Build.0 = Debug|Any CPU
		{E8B23EDB-12BA-4410-B4BF-861F29D9C2E7}.Development|Any CPU.ActiveCfg = Debug|Any CPU
		{E8B23EDB-12BA-4410-B4BF-861F29D9C2E7}.Development|Any CPU.Build.0 = Debug|Any CPU
		{E8B23EDB-12BA-4410-B4BF-861F29D9C2E7}.KabelDev|Any CPU.ActiveCfg = Development|Any CPU
		{E8B23EDB-12BA-4410-B4BF-861F29D9C2E7}.KabelDev|Any CPU.Build.0 = Development|Any CPU
		{E8B23EDB-12BA-4410-B4BF-861F29D9C2E7}.MAIN|Any CPU.ActiveCfg = Debug|Any CPU
		{E8B23EDB-12BA-4410-B4BF-861F29D9C2E7}.MAIN|Any CPU.Build.0 = Debug|Any CPU
		{E8B23EDB-12BA-4410-B4BF-861F29D9C2E7}.MAIN-REME|Any CPU.ActiveCfg = Debug|Any CPU
		{E8B23EDB-12BA-4410-B4BF-861F29D9C2E7}.MAIN-REME|Any CPU.Build.0 = Debug|Any CPU
		{E8B23EDB-12BA-4410-B4BF-861F29D9C2E7}.Release|Any CPU.ActiveCfg = Release|Any CPU
		{E8B23EDB-12BA-4410-B4BF-861F29D9C2E7}.Release|Any CPU.Build.0 = Release|Any CPU
		{7FB7E014-FF41-4CFA-BDB6-13B0AD771239}.Debug|Any CPU.ActiveCfg = Debug|Any CPU
		{7FB7E014-FF41-4CFA-BDB6-13B0AD771239}.Debug|Any CPU.Build.0 = Debug|Any CPU
		{7FB7E014-FF41-4CFA-BDB6-13B0AD771239}.Debug-Azure|Any CPU.ActiveCfg = Development|Any CPU
		{7FB7E014-FF41-4CFA-BDB6-13B0AD771239}.Debug-Azure|Any CPU.Build.0 = Development|Any CPU
		{7FB7E014-FF41-4CFA-BDB6-13B0AD771239}.Debug-KabelDev|Any CPU.ActiveCfg = Development|Any CPU
		{7FB7E014-FF41-4CFA-BDB6-13B0AD771239}.Debug-KabelDev|Any CPU.Build.0 = Development|Any CPU
		{7FB7E014-FF41-4CFA-BDB6-13B0AD771239}.Debug-Local|Any CPU.ActiveCfg = Development|Any CPU
		{7FB7E014-FF41-4CFA-BDB6-13B0AD771239}.Debug-Local|Any CPU.Build.0 = Development|Any CPU
		{7FB7E014-FF41-4CFA-BDB6-13B0AD771239}.DEV|Any CPU.ActiveCfg = Debug|Any CPU
		{7FB7E014-FF41-4CFA-BDB6-13B0AD771239}.DEV|Any CPU.Build.0 = Debug|Any CPU
		{7FB7E014-FF41-4CFA-BDB6-13B0AD771239}.Development|Any CPU.ActiveCfg = Debug|Any CPU
		{7FB7E014-FF41-4CFA-BDB6-13B0AD771239}.Development|Any CPU.Build.0 = Debug|Any CPU
		{7FB7E014-FF41-4CFA-BDB6-13B0AD771239}.KabelDev|Any CPU.ActiveCfg = Development|Any CPU
		{7FB7E014-FF41-4CFA-BDB6-13B0AD771239}.KabelDev|Any CPU.Build.0 = Development|Any CPU
		{7FB7E014-FF41-4CFA-BDB6-13B0AD771239}.MAIN|Any CPU.ActiveCfg = Debug|Any CPU
		{7FB7E014-FF41-4CFA-BDB6-13B0AD771239}.MAIN|Any CPU.Build.0 = Debug|Any CPU
		{7FB7E014-FF41-4CFA-BDB6-13B0AD771239}.MAIN-REME|Any CPU.ActiveCfg = Debug|Any CPU
		{7FB7E014-FF41-4CFA-BDB6-13B0AD771239}.MAIN-REME|Any CPU.Build.0 = Debug|Any CPU
		{7FB7E014-FF41-4CFA-BDB6-13B0AD771239}.Release|Any CPU.ActiveCfg = Release|Any CPU
		{7FB7E014-FF41-4CFA-BDB6-13B0AD771239}.Release|Any CPU.Build.0 = Release|Any CPU
		{91A1264F-FD8D-48BE-B20E-79379F2A24CD}.Debug|Any CPU.ActiveCfg = Debug|Any CPU
		{91A1264F-FD8D-48BE-B20E-79379F2A24CD}.Debug|Any CPU.Build.0 = Debug|Any CPU
		{91A1264F-FD8D-48BE-B20E-79379F2A24CD}.Debug-Azure|Any CPU.ActiveCfg = Debug|Any CPU
		{91A1264F-FD8D-48BE-B20E-79379F2A24CD}.Debug-Azure|Any CPU.Build.0 = Debug|Any CPU
		{91A1264F-FD8D-48BE-B20E-79379F2A24CD}.Debug-KabelDev|Any CPU.ActiveCfg = Debug|Any CPU
		{91A1264F-FD8D-48BE-B20E-79379F2A24CD}.Debug-KabelDev|Any CPU.Build.0 = Debug|Any CPU
		{91A1264F-FD8D-48BE-B20E-79379F2A24CD}.Debug-Local|Any CPU.ActiveCfg = Debug|Any CPU
		{91A1264F-FD8D-48BE-B20E-79379F2A24CD}.Debug-Local|Any CPU.Build.0 = Debug|Any CPU
		{91A1264F-FD8D-48BE-B20E-79379F2A24CD}.DEV|Any CPU.ActiveCfg = Debug|Any CPU
		{91A1264F-FD8D-48BE-B20E-79379F2A24CD}.DEV|Any CPU.Build.0 = Debug|Any CPU
		{91A1264F-FD8D-48BE-B20E-79379F2A24CD}.Development|Any CPU.ActiveCfg = Debug|Any CPU
		{91A1264F-FD8D-48BE-B20E-79379F2A24CD}.Development|Any CPU.Build.0 = Debug|Any CPU
		{91A1264F-FD8D-48BE-B20E-79379F2A24CD}.KabelDev|Any CPU.ActiveCfg = Release|Any CPU
		{91A1264F-FD8D-48BE-B20E-79379F2A24CD}.KabelDev|Any CPU.Build.0 = Release|Any CPU
		{91A1264F-FD8D-48BE-B20E-79379F2A24CD}.MAIN|Any CPU.ActiveCfg = Debug|Any CPU
		{91A1264F-FD8D-48BE-B20E-79379F2A24CD}.MAIN|Any CPU.Build.0 = Debug|Any CPU
		{91A1264F-FD8D-48BE-B20E-79379F2A24CD}.MAIN-REME|Any CPU.ActiveCfg = Debug|Any CPU
		{91A1264F-FD8D-48BE-B20E-79379F2A24CD}.MAIN-REME|Any CPU.Build.0 = Debug|Any CPU
		{91A1264F-FD8D-48BE-B20E-79379F2A24CD}.Release|Any CPU.ActiveCfg = Release|Any CPU
		{91A1264F-FD8D-48BE-B20E-79379F2A24CD}.Release|Any CPU.Build.0 = Release|Any CPU
		{405763B8-9D05-4E2C-BB4C-A019D7EC1D1E}.Debug|Any CPU.ActiveCfg = Debug|Any CPU
		{405763B8-9D05-4E2C-BB4C-A019D7EC1D1E}.Debug|Any CPU.Build.0 = Debug|Any CPU
		{405763B8-9D05-4E2C-BB4C-A019D7EC1D1E}.Debug-Azure|Any CPU.ActiveCfg = Debug|Any CPU
		{405763B8-9D05-4E2C-BB4C-A019D7EC1D1E}.Debug-Azure|Any CPU.Build.0 = Debug|Any CPU
		{405763B8-9D05-4E2C-BB4C-A019D7EC1D1E}.Debug-KabelDev|Any CPU.ActiveCfg = Debug|Any CPU
		{405763B8-9D05-4E2C-BB4C-A019D7EC1D1E}.Debug-KabelDev|Any CPU.Build.0 = Debug|Any CPU
		{405763B8-9D05-4E2C-BB4C-A019D7EC1D1E}.Debug-Local|Any CPU.ActiveCfg = Debug|Any CPU
		{405763B8-9D05-4E2C-BB4C-A019D7EC1D1E}.Debug-Local|Any CPU.Build.0 = Debug|Any CPU
		{405763B8-9D05-4E2C-BB4C-A019D7EC1D1E}.DEV|Any CPU.ActiveCfg = Debug|Any CPU
		{405763B8-9D05-4E2C-BB4C-A019D7EC1D1E}.DEV|Any CPU.Build.0 = Debug|Any CPU
		{405763B8-9D05-4E2C-BB4C-A019D7EC1D1E}.Development|Any CPU.ActiveCfg = Debug|Any CPU
		{405763B8-9D05-4E2C-BB4C-A019D7EC1D1E}.Development|Any CPU.Build.0 = Debug|Any CPU
		{405763B8-9D05-4E2C-BB4C-A019D7EC1D1E}.KabelDev|Any CPU.ActiveCfg = Release|Any CPU
		{405763B8-9D05-4E2C-BB4C-A019D7EC1D1E}.KabelDev|Any CPU.Build.0 = Release|Any CPU
		{405763B8-9D05-4E2C-BB4C-A019D7EC1D1E}.MAIN|Any CPU.ActiveCfg = Debug|Any CPU
		{405763B8-9D05-4E2C-BB4C-A019D7EC1D1E}.MAIN|Any CPU.Build.0 = Debug|Any CPU
		{405763B8-9D05-4E2C-BB4C-A019D7EC1D1E}.MAIN-REME|Any CPU.ActiveCfg = Debug|Any CPU
		{405763B8-9D05-4E2C-BB4C-A019D7EC1D1E}.MAIN-REME|Any CPU.Build.0 = Debug|Any CPU
		{405763B8-9D05-4E2C-BB4C-A019D7EC1D1E}.Release|Any CPU.ActiveCfg = Release|Any CPU
		{405763B8-9D05-4E2C-BB4C-A019D7EC1D1E}.Release|Any CPU.Build.0 = Release|Any CPU
		{9CE5CE25-E938-4341-8729-0F881383D480}.Debug|Any CPU.ActiveCfg = Debug|Any CPU
		{9CE5CE25-E938-4341-8729-0F881383D480}.Debug|Any CPU.Build.0 = Debug|Any CPU
		{9CE5CE25-E938-4341-8729-0F881383D480}.Debug-Azure|Any CPU.ActiveCfg = Debug|Any CPU
		{9CE5CE25-E938-4341-8729-0F881383D480}.Debug-Azure|Any CPU.Build.0 = Debug|Any CPU
		{9CE5CE25-E938-4341-8729-0F881383D480}.Debug-KabelDev|Any CPU.ActiveCfg = Debug|Any CPU
		{9CE5CE25-E938-4341-8729-0F881383D480}.Debug-KabelDev|Any CPU.Build.0 = Debug|Any CPU
		{9CE5CE25-E938-4341-8729-0F881383D480}.Debug-Local|Any CPU.ActiveCfg = Debug|Any CPU
		{9CE5CE25-E938-4341-8729-0F881383D480}.Debug-Local|Any CPU.Build.0 = Debug|Any CPU
		{9CE5CE25-E938-4341-8729-0F881383D480}.DEV|Any CPU.ActiveCfg = Debug|Any CPU
		{9CE5CE25-E938-4341-8729-0F881383D480}.DEV|Any CPU.Build.0 = Debug|Any CPU
		{9CE5CE25-E938-4341-8729-0F881383D480}.Development|Any CPU.ActiveCfg = Debug|Any CPU
		{9CE5CE25-E938-4341-8729-0F881383D480}.Development|Any CPU.Build.0 = Debug|Any CPU
		{9CE5CE25-E938-4341-8729-0F881383D480}.KabelDev|Any CPU.ActiveCfg = Release|Any CPU
		{9CE5CE25-E938-4341-8729-0F881383D480}.KabelDev|Any CPU.Build.0 = Release|Any CPU
		{9CE5CE25-E938-4341-8729-0F881383D480}.MAIN|Any CPU.ActiveCfg = Debug|Any CPU
		{9CE5CE25-E938-4341-8729-0F881383D480}.MAIN|Any CPU.Build.0 = Debug|Any CPU
		{9CE5CE25-E938-4341-8729-0F881383D480}.MAIN-REME|Any CPU.ActiveCfg = Debug|Any CPU
		{9CE5CE25-E938-4341-8729-0F881383D480}.MAIN-REME|Any CPU.Build.0 = Debug|Any CPU
		{9CE5CE25-E938-4341-8729-0F881383D480}.Release|Any CPU.ActiveCfg = Release|Any CPU
		{9CE5CE25-E938-4341-8729-0F881383D480}.Release|Any CPU.Build.0 = Release|Any CPU
		{8EF3298D-9D48-4E95-923B-90339891247B}.Debug|Any CPU.ActiveCfg = Debug|Any CPU
		{8EF3298D-9D48-4E95-923B-90339891247B}.Debug|Any CPU.Build.0 = Debug|Any CPU
		{8EF3298D-9D48-4E95-923B-90339891247B}.Debug-Azure|Any CPU.ActiveCfg = Debug|Any CPU
		{8EF3298D-9D48-4E95-923B-90339891247B}.Debug-Azure|Any CPU.Build.0 = Debug|Any CPU
		{8EF3298D-9D48-4E95-923B-90339891247B}.Debug-KabelDev|Any CPU.ActiveCfg = Debug|Any CPU
		{8EF3298D-9D48-4E95-923B-90339891247B}.Debug-KabelDev|Any CPU.Build.0 = Debug|Any CPU
		{8EF3298D-9D48-4E95-923B-90339891247B}.Debug-Local|Any CPU.ActiveCfg = Debug|Any CPU
		{8EF3298D-9D48-4E95-923B-90339891247B}.Debug-Local|Any CPU.Build.0 = Debug|Any CPU
		{8EF3298D-9D48-4E95-923B-90339891247B}.DEV|Any CPU.ActiveCfg = Debug|Any CPU
		{8EF3298D-9D48-4E95-923B-90339891247B}.DEV|Any CPU.Build.0 = Debug|Any CPU
		{8EF3298D-9D48-4E95-923B-90339891247B}.Development|Any CPU.ActiveCfg = Debug|Any CPU
		{8EF3298D-9D48-4E95-923B-90339891247B}.Development|Any CPU.Build.0 = Debug|Any CPU
		{8EF3298D-9D48-4E95-923B-90339891247B}.KabelDev|Any CPU.ActiveCfg = Release|Any CPU
		{8EF3298D-9D48-4E95-923B-90339891247B}.KabelDev|Any CPU.Build.0 = Release|Any CPU
		{8EF3298D-9D48-4E95-923B-90339891247B}.MAIN|Any CPU.ActiveCfg = Debug|Any CPU
		{8EF3298D-9D48-4E95-923B-90339891247B}.MAIN|Any CPU.Build.0 = Debug|Any CPU
		{8EF3298D-9D48-4E95-923B-90339891247B}.MAIN-REME|Any CPU.ActiveCfg = Debug|Any CPU
		{8EF3298D-9D48-4E95-923B-90339891247B}.MAIN-REME|Any CPU.Build.0 = Debug|Any CPU
		{8EF3298D-9D48-4E95-923B-90339891247B}.Release|Any CPU.ActiveCfg = Release|Any CPU
		{8EF3298D-9D48-4E95-923B-90339891247B}.Release|Any CPU.Build.0 = Release|Any CPU
		{F2E6AEA9-6D3B-4C6B-9004-C8DA3459A5DA}.Debug|Any CPU.ActiveCfg = Debug|Any CPU
		{F2E6AEA9-6D3B-4C6B-9004-C8DA3459A5DA}.Debug|Any CPU.Build.0 = Debug|Any CPU
		{F2E6AEA9-6D3B-4C6B-9004-C8DA3459A5DA}.Debug-Azure|Any CPU.ActiveCfg = Debug|Any CPU
		{F2E6AEA9-6D3B-4C6B-9004-C8DA3459A5DA}.Debug-Azure|Any CPU.Build.0 = Debug|Any CPU
		{F2E6AEA9-6D3B-4C6B-9004-C8DA3459A5DA}.Debug-KabelDev|Any CPU.ActiveCfg = Debug|Any CPU
		{F2E6AEA9-6D3B-4C6B-9004-C8DA3459A5DA}.Debug-KabelDev|Any CPU.Build.0 = Debug|Any CPU
		{F2E6AEA9-6D3B-4C6B-9004-C8DA3459A5DA}.Debug-Local|Any CPU.ActiveCfg = Debug|Any CPU
		{F2E6AEA9-6D3B-4C6B-9004-C8DA3459A5DA}.Debug-Local|Any CPU.Build.0 = Debug|Any CPU
		{F2E6AEA9-6D3B-4C6B-9004-C8DA3459A5DA}.DEV|Any CPU.ActiveCfg = Debug|Any CPU
		{F2E6AEA9-6D3B-4C6B-9004-C8DA3459A5DA}.DEV|Any CPU.Build.0 = Debug|Any CPU
		{F2E6AEA9-6D3B-4C6B-9004-C8DA3459A5DA}.Development|Any CPU.ActiveCfg = Debug|Any CPU
		{F2E6AEA9-6D3B-4C6B-9004-C8DA3459A5DA}.Development|Any CPU.Build.0 = Debug|Any CPU
		{F2E6AEA9-6D3B-4C6B-9004-C8DA3459A5DA}.KabelDev|Any CPU.ActiveCfg = Release|Any CPU
		{F2E6AEA9-6D3B-4C6B-9004-C8DA3459A5DA}.KabelDev|Any CPU.Build.0 = Release|Any CPU
		{F2E6AEA9-6D3B-4C6B-9004-C8DA3459A5DA}.MAIN|Any CPU.ActiveCfg = Debug|Any CPU
		{F2E6AEA9-6D3B-4C6B-9004-C8DA3459A5DA}.MAIN|Any CPU.Build.0 = Debug|Any CPU
		{F2E6AEA9-6D3B-4C6B-9004-C8DA3459A5DA}.MAIN-REME|Any CPU.ActiveCfg = Debug|Any CPU
		{F2E6AEA9-6D3B-4C6B-9004-C8DA3459A5DA}.MAIN-REME|Any CPU.Build.0 = Debug|Any CPU
		{F2E6AEA9-6D3B-4C6B-9004-C8DA3459A5DA}.Release|Any CPU.ActiveCfg = Release|Any CPU
		{F2E6AEA9-6D3B-4C6B-9004-C8DA3459A5DA}.Release|Any CPU.Build.0 = Release|Any CPU
		{CEA7ADD8-FC6A-4AC9-AB94-46D7D474F6BD}.Debug|Any CPU.ActiveCfg = Debug|Any CPU
		{CEA7ADD8-FC6A-4AC9-AB94-46D7D474F6BD}.Debug|Any CPU.Build.0 = Debug|Any CPU
		{CEA7ADD8-FC6A-4AC9-AB94-46D7D474F6BD}.Debug-Azure|Any CPU.ActiveCfg = Debug|Any CPU
		{CEA7ADD8-FC6A-4AC9-AB94-46D7D474F6BD}.Debug-Azure|Any CPU.Build.0 = Debug|Any CPU
		{CEA7ADD8-FC6A-4AC9-AB94-46D7D474F6BD}.Debug-KabelDev|Any CPU.ActiveCfg = Debug|Any CPU
		{CEA7ADD8-FC6A-4AC9-AB94-46D7D474F6BD}.Debug-KabelDev|Any CPU.Build.0 = Debug|Any CPU
		{CEA7ADD8-FC6A-4AC9-AB94-46D7D474F6BD}.Debug-Local|Any CPU.ActiveCfg = Debug|Any CPU
		{CEA7ADD8-FC6A-4AC9-AB94-46D7D474F6BD}.Debug-Local|Any CPU.Build.0 = Debug|Any CPU
		{CEA7ADD8-FC6A-4AC9-AB94-46D7D474F6BD}.DEV|Any CPU.ActiveCfg = Debug|Any CPU
		{CEA7ADD8-FC6A-4AC9-AB94-46D7D474F6BD}.DEV|Any CPU.Build.0 = Debug|Any CPU
		{CEA7ADD8-FC6A-4AC9-AB94-46D7D474F6BD}.Development|Any CPU.ActiveCfg = Debug|Any CPU
		{CEA7ADD8-FC6A-4AC9-AB94-46D7D474F6BD}.Development|Any CPU.Build.0 = Debug|Any CPU
		{CEA7ADD8-FC6A-4AC9-AB94-46D7D474F6BD}.KabelDev|Any CPU.ActiveCfg = Release|Any CPU
		{CEA7ADD8-FC6A-4AC9-AB94-46D7D474F6BD}.KabelDev|Any CPU.Build.0 = Release|Any CPU
		{CEA7ADD8-FC6A-4AC9-AB94-46D7D474F6BD}.MAIN|Any CPU.ActiveCfg = Debug|Any CPU
		{CEA7ADD8-FC6A-4AC9-AB94-46D7D474F6BD}.MAIN|Any CPU.Build.0 = Debug|Any CPU
		{CEA7ADD8-FC6A-4AC9-AB94-46D7D474F6BD}.MAIN-REME|Any CPU.ActiveCfg = Debug|Any CPU
		{CEA7ADD8-FC6A-4AC9-AB94-46D7D474F6BD}.MAIN-REME|Any CPU.Build.0 = Debug|Any CPU
		{CEA7ADD8-FC6A-4AC9-AB94-46D7D474F6BD}.Release|Any CPU.ActiveCfg = Release|Any CPU
		{CEA7ADD8-FC6A-4AC9-AB94-46D7D474F6BD}.Release|Any CPU.Build.0 = Release|Any CPU
		{ED1BED75-C06E-4F7A-B54C-DB9950F58169}.Debug|Any CPU.ActiveCfg = Debug|Any CPU
		{ED1BED75-C06E-4F7A-B54C-DB9950F58169}.Debug|Any CPU.Build.0 = Debug|Any CPU
		{ED1BED75-C06E-4F7A-B54C-DB9950F58169}.Debug-Azure|Any CPU.ActiveCfg = Debug|Any CPU
		{ED1BED75-C06E-4F7A-B54C-DB9950F58169}.Debug-Azure|Any CPU.Build.0 = Debug|Any CPU
		{ED1BED75-C06E-4F7A-B54C-DB9950F58169}.Debug-KabelDev|Any CPU.ActiveCfg = Debug|Any CPU
		{ED1BED75-C06E-4F7A-B54C-DB9950F58169}.Debug-KabelDev|Any CPU.Build.0 = Debug|Any CPU
		{ED1BED75-C06E-4F7A-B54C-DB9950F58169}.Debug-Local|Any CPU.ActiveCfg = Debug|Any CPU
		{ED1BED75-C06E-4F7A-B54C-DB9950F58169}.Debug-Local|Any CPU.Build.0 = Debug|Any CPU
		{ED1BED75-C06E-4F7A-B54C-DB9950F58169}.DEV|Any CPU.ActiveCfg = Debug|Any CPU
		{ED1BED75-C06E-4F7A-B54C-DB9950F58169}.DEV|Any CPU.Build.0 = Debug|Any CPU
		{ED1BED75-C06E-4F7A-B54C-DB9950F58169}.Development|Any CPU.ActiveCfg = Debug|Any CPU
		{ED1BED75-C06E-4F7A-B54C-DB9950F58169}.Development|Any CPU.Build.0 = Debug|Any CPU
		{ED1BED75-C06E-4F7A-B54C-DB9950F58169}.KabelDev|Any CPU.ActiveCfg = Release|Any CPU
		{ED1BED75-C06E-4F7A-B54C-DB9950F58169}.KabelDev|Any CPU.Build.0 = Release|Any CPU
		{ED1BED75-C06E-4F7A-B54C-DB9950F58169}.MAIN|Any CPU.ActiveCfg = Debug|Any CPU
		{ED1BED75-C06E-4F7A-B54C-DB9950F58169}.MAIN|Any CPU.Build.0 = Debug|Any CPU
		{ED1BED75-C06E-4F7A-B54C-DB9950F58169}.MAIN-REME|Any CPU.ActiveCfg = Debug|Any CPU
		{ED1BED75-C06E-4F7A-B54C-DB9950F58169}.MAIN-REME|Any CPU.Build.0 = Debug|Any CPU
		{ED1BED75-C06E-4F7A-B54C-DB9950F58169}.Release|Any CPU.ActiveCfg = Release|Any CPU
		{ED1BED75-C06E-4F7A-B54C-DB9950F58169}.Release|Any CPU.Build.0 = Release|Any CPU
		{52754493-B4A6-49E3-87F4-630FD55190E6}.Debug|Any CPU.ActiveCfg = Debug|Any CPU
		{52754493-B4A6-49E3-87F4-630FD55190E6}.Debug|Any CPU.Build.0 = Debug|Any CPU
		{52754493-B4A6-49E3-87F4-630FD55190E6}.Debug-Azure|Any CPU.ActiveCfg = Development|Any CPU
		{52754493-B4A6-49E3-87F4-630FD55190E6}.Debug-Azure|Any CPU.Build.0 = Development|Any CPU
		{52754493-B4A6-49E3-87F4-630FD55190E6}.Debug-KabelDev|Any CPU.ActiveCfg = Development|Any CPU
		{52754493-B4A6-49E3-87F4-630FD55190E6}.Debug-KabelDev|Any CPU.Build.0 = Development|Any CPU
		{52754493-B4A6-49E3-87F4-630FD55190E6}.Debug-Local|Any CPU.ActiveCfg = Development|Any CPU
		{52754493-B4A6-49E3-87F4-630FD55190E6}.Debug-Local|Any CPU.Build.0 = Development|Any CPU
		{52754493-B4A6-49E3-87F4-630FD55190E6}.DEV|Any CPU.ActiveCfg = Debug|Any CPU
		{52754493-B4A6-49E3-87F4-630FD55190E6}.DEV|Any CPU.Build.0 = Debug|Any CPU
		{52754493-B4A6-49E3-87F4-630FD55190E6}.Development|Any CPU.ActiveCfg = Development|Any CPU
		{52754493-B4A6-49E3-87F4-630FD55190E6}.Development|Any CPU.Build.0 = Development|Any CPU
		{52754493-B4A6-49E3-87F4-630FD55190E6}.KabelDev|Any CPU.ActiveCfg = Release|Any CPU
		{52754493-B4A6-49E3-87F4-630FD55190E6}.KabelDev|Any CPU.Build.0 = Release|Any CPU
		{52754493-B4A6-49E3-87F4-630FD55190E6}.MAIN|Any CPU.ActiveCfg = Debug|Any CPU
		{52754493-B4A6-49E3-87F4-630FD55190E6}.MAIN|Any CPU.Build.0 = Debug|Any CPU
		{52754493-B4A6-49E3-87F4-630FD55190E6}.MAIN-REME|Any CPU.ActiveCfg = Debug|Any CPU
		{52754493-B4A6-49E3-87F4-630FD55190E6}.MAIN-REME|Any CPU.Build.0 = Debug|Any CPU
		{52754493-B4A6-49E3-87F4-630FD55190E6}.Release|Any CPU.ActiveCfg = Release|Any CPU
		{52754493-B4A6-49E3-87F4-630FD55190E6}.Release|Any CPU.Build.0 = Release|Any CPU
		{8DE8B37C-A6B0-40A5-8A87-A6746E11DC47}.Debug|Any CPU.ActiveCfg = Debug|Any CPU
		{8DE8B37C-A6B0-40A5-8A87-A6746E11DC47}.Debug|Any CPU.Build.0 = Debug|Any CPU
		{8DE8B37C-A6B0-40A5-8A87-A6746E11DC47}.Debug-Azure|Any CPU.ActiveCfg = Debug|Any CPU
		{8DE8B37C-A6B0-40A5-8A87-A6746E11DC47}.Debug-Azure|Any CPU.Build.0 = Debug|Any CPU
		{8DE8B37C-A6B0-40A5-8A87-A6746E11DC47}.Debug-KabelDev|Any CPU.ActiveCfg = Debug|Any CPU
		{8DE8B37C-A6B0-40A5-8A87-A6746E11DC47}.Debug-KabelDev|Any CPU.Build.0 = Debug|Any CPU
		{8DE8B37C-A6B0-40A5-8A87-A6746E11DC47}.Debug-Local|Any CPU.ActiveCfg = Debug|Any CPU
		{8DE8B37C-A6B0-40A5-8A87-A6746E11DC47}.Debug-Local|Any CPU.Build.0 = Debug|Any CPU
		{8DE8B37C-A6B0-40A5-8A87-A6746E11DC47}.DEV|Any CPU.ActiveCfg = Debug|Any CPU
		{8DE8B37C-A6B0-40A5-8A87-A6746E11DC47}.DEV|Any CPU.Build.0 = Debug|Any CPU
		{8DE8B37C-A6B0-40A5-8A87-A6746E11DC47}.Development|Any CPU.ActiveCfg = Debug|Any CPU
		{8DE8B37C-A6B0-40A5-8A87-A6746E11DC47}.Development|Any CPU.Build.0 = Debug|Any CPU
		{8DE8B37C-A6B0-40A5-8A87-A6746E11DC47}.KabelDev|Any CPU.ActiveCfg = Release|Any CPU
		{8DE8B37C-A6B0-40A5-8A87-A6746E11DC47}.KabelDev|Any CPU.Build.0 = Release|Any CPU
		{8DE8B37C-A6B0-40A5-8A87-A6746E11DC47}.MAIN|Any CPU.ActiveCfg = Debug|Any CPU
		{8DE8B37C-A6B0-40A5-8A87-A6746E11DC47}.MAIN|Any CPU.Build.0 = Debug|Any CPU
		{8DE8B37C-A6B0-40A5-8A87-A6746E11DC47}.MAIN-REME|Any CPU.ActiveCfg = Debug|Any CPU
		{8DE8B37C-A6B0-40A5-8A87-A6746E11DC47}.MAIN-REME|Any CPU.Build.0 = Debug|Any CPU
		{8DE8B37C-A6B0-40A5-8A87-A6746E11DC47}.Release|Any CPU.ActiveCfg = Release|Any CPU
		{8DE8B37C-A6B0-40A5-8A87-A6746E11DC47}.Release|Any CPU.Build.0 = Release|Any CPU
	EndGlobalSection
	GlobalSection(SolutionProperties) = preSolution
		HideSolutionNode = FALSE
	EndGlobalSection
	GlobalSection(NestedProjects) = preSolution
		{81F0B6FD-93CF-475F-BAA7-A77FD8802428} = {2208B1CB-3A94-4981-AA64-C4CFF3C67178}
		{0E3000E4-6B36-46D8-8350-2F62D2C964E6} = {2208B1CB-3A94-4981-AA64-C4CFF3C67178}
		{F010FD75-3100-4E8D-A3B3-47627556E1D4} = {2208B1CB-3A94-4981-AA64-C4CFF3C67178}
		{A1A99B08-B102-46D9-BDA9-6B09BEFD08C5} = {2208B1CB-3A94-4981-AA64-C4CFF3C67178}
		{CA5164FB-C898-4BE9-A6EA-FBD80261985D} = {0E3000E4-6B36-46D8-8350-2F62D2C964E6}
		{C6125628-101E-4DBE-A2F8-290A9AF8F13C} = {B645E4E8-5385-435D-9346-A9768952A3C7}
		{0B285E7E-55EE-499E-84E4-B80F3DAF1889} = {3937E746-0204-4881-B761-9E71FE53B2AF}
		{092CE845-A430-447F-9084-D66EFBD5230E} = {F010FD75-3100-4E8D-A3B3-47627556E1D4}
		{98A39A70-E213-4DCF-9791-804908AF75DF} = {F010FD75-3100-4E8D-A3B3-47627556E1D4}
		{AED743F8-A362-4D84-9BB1-6AE74E9121F5} = {F010FD75-3100-4E8D-A3B3-47627556E1D4}
		{D9B6EBAB-49A0-46B7-AD4F-C503AFC0A298} = {2208B1CB-3A94-4981-AA64-C4CFF3C67178}
		{E8565C6D-DAB2-44D5-B7B0-E379CBEBCEA3} = {D9B6EBAB-49A0-46B7-AD4F-C503AFC0A298}
		{014052E1-5131-484C-B845-ED4884F1D99C} = {0E3000E4-6B36-46D8-8350-2F62D2C964E6}
		{E8B23EDB-12BA-4410-B4BF-861F29D9C2E7} = {B645E4E8-5385-435D-9346-A9768952A3C7}
		{426266E9-3F05-4026-9756-70E828CAB4DB} = {2208B1CB-3A94-4981-AA64-C4CFF3C67178}
		{7FB7E014-FF41-4CFA-BDB6-13B0AD771239} = {426266E9-3F05-4026-9756-70E828CAB4DB}
		{91A1264F-FD8D-48BE-B20E-79379F2A24CD} = {B645E4E8-5385-435D-9346-A9768952A3C7}
		{405763B8-9D05-4E2C-BB4C-A019D7EC1D1E} = {F010FD75-3100-4E8D-A3B3-47627556E1D4}
		{43643267-E337-441C-9597-AEBA2CFABEDB} = {5B04355D-494A-48A7-98F5-C1ADE07198B0}
		{526533E1-1CFA-4BCC-B1B3-AFB99EA2BEEB} = {C6ADA355-AD46-4E2A-928E-E70ABF0172E0}
		{7B9256EE-CFC0-4FDF-917A-2767B74A5B64} = {C6ADA355-AD46-4E2A-928E-E70ABF0172E0}
		{8EF3298D-9D48-4E95-923B-90339891247B} = {526533E1-1CFA-4BCC-B1B3-AFB99EA2BEEB}
		{F2E6AEA9-6D3B-4C6B-9004-C8DA3459A5DA} = {526533E1-1CFA-4BCC-B1B3-AFB99EA2BEEB}
		{CEA7ADD8-FC6A-4AC9-AB94-46D7D474F6BD} = {526533E1-1CFA-4BCC-B1B3-AFB99EA2BEEB}
		{ED1BED75-C06E-4F7A-B54C-DB9950F58169} = {526533E1-1CFA-4BCC-B1B3-AFB99EA2BEEB}
		{52754493-B4A6-49E3-87F4-630FD55190E6} = {7B9256EE-CFC0-4FDF-917A-2767B74A5B64}
		{8DE8B37C-A6B0-40A5-8A87-A6746E11DC47} = {7B9256EE-CFC0-4FDF-917A-2767B74A5B64}
	EndGlobalSection
	GlobalSection(ExtensibilityGlobals) = postSolution
		SolutionGuid = {8A12C17E-BDB7-4731-B50F-697AFCBC7608}
	EndGlobalSection
	GlobalSection(Performance) = preSolution
		HasPerformanceSessions = true
		SccProjectUniqueName31 = BESTINVER.Remediacion.ExcelGenerator\\BESTINVER.Remediacion.ExcelGenerator.csproj
		SccProjectTopLevelParentUniqueName31 = BESTINVER.GestorAltas.sln
		SccProjectName31 = BESTINVER.Remediacion.ExcelGenerator
		SccLocalPath31 = BESTINVER.Remediacion.ExcelGenerator
		SccProjectUniqueName32 = BESTINVER.Remediacion.RemediacionToRD\\BESTINVER.Remediacion.RemediacionToRD.csproj
		SccProjectTopLevelParentUniqueName32 = BESTINVER.GestorAltas.sln
		SccProjectName32 = BESTINVER.Remediacion.RemediacionToRD
		SccLocalPath32 = BESTINVER.Remediacion.RemediacionToRD
	EndGlobalSection
	GlobalSection(Performance) = preSolution
		HasPerformanceSessions = true
	EndGlobalSection
EndGlobal
